
Microsoft Visual Studio Solution File, Format Version 12.00
# Visual Studio Version 17
VisualStudioVersion = 17.8.34525.116
MinimumVisualStudioVersion = 10.0.40219.1
Project("{FAE04EC0-301F-11D3-BF4B-00C04F79EFBC}") = "Exercicio08", "Exercicio08.csproj", "{3E055CB4-1975-4A4F-B352-5E25F2E36BC5}"
EndProject
Global
	GlobalSection(SolutionConfigurationPlatforms) = preSolution
		Debug|Any CPU = Debug|Any CPU
		Release|Any CPU = Release|Any CPU
	EndGlobalSection
	GlobalSection(ProjectConfigurationPlatforms) = postSolution
		{3E055CB4-1975-4A4F-B352-5E25F2E36BC5}.Debug|Any CPU.ActiveCfg = Debug|Any CPU
		{3E055CB4-1975-4A4F-B352-5E25F2E36BC5}.Debug|Any CPU.Build.0 = Debug|Any CPU
		{3E055CB4-1975-4A4F-B352-5E25F2E36BC5}.Release|Any CPU.ActiveCfg = Release|Any CPU
		{3E055CB4-1975-4A4F-B352-5E25F2E36BC5}.Release|Any CPU.Build.0 = Release|Any CPU
	EndGlobalSection
	GlobalSection(SolutionProperties) = preSolution
		HideSolutionNode = FALSE
	EndGlobalSection
	GlobalSection(ExtensibilityGlobals) = postSolution
		SolutionGuid = {D334EE9A-D134-40B9-B684-B3D3741EC768}
	EndGlobalSection
EndGlobal
